
Microsoft Visual Studio Solution File, Format Version 12.00
# Visual Studio Version 17
VisualStudioVersion = 17.4.33213.308
MinimumVisualStudioVersion = 10.0.40219.1
Project("{FAE04EC0-301F-11D3-BF4B-00C04F79EFBC}") = "HomeTask", "HomeTask\HomeTask.csproj", "{83256D26-7DD4-4633-8A56-9AD963A03D4C}"
EndProject
Project("{FAE04EC0-301F-11D3-BF4B-00C04F79EFBC}") = "HomeTask.UnitTests", "HomeTask.UnitTests\HomeTask.UnitTests.csproj", "{415B0D80-3B16-4A4C-BE32-97F07E491DCE}"
EndProject
Global
	GlobalSection(SolutionConfigurationPlatforms) = preSolution
		Debug|Any CPU = Debug|Any CPU
		Release|Any CPU = Release|Any CPU
	EndGlobalSection
	GlobalSection(ProjectConfigurationPlatforms) = postSolution
		{83256D26-7DD4-4633-8A56-9AD963A03D4C}.Debug|Any CPU.ActiveCfg = Debug|Any CPU
		{83256D26-7DD4-4633-8A56-9AD963A03D4C}.Debug|Any CPU.Build.0 = Debug|Any CPU
		{83256D26-7DD4-4633-8A56-9AD963A03D4C}.Release|Any CPU.ActiveCfg = Release|Any CPU
		{83256D26-7DD4-4633-8A56-9AD963A03D4C}.Release|Any CPU.Build.0 = Release|Any CPU
		{415B0D80-3B16-4A4C-BE32-97F07E491DCE}.Debug|Any CPU.ActiveCfg = Debug|Any CPU
		{415B0D80-3B16-4A4C-BE32-97F07E491DCE}.Debug|Any CPU.Build.0 = Debug|Any CPU
		{415B0D80-3B16-4A4C-BE32-97F07E491DCE}.Release|Any CPU.ActiveCfg = Release|Any CPU
		{415B0D80-3B16-4A4C-BE32-97F07E491DCE}.Release|Any CPU.Build.0 = Release|Any CPU
	EndGlobalSection
	GlobalSection(SolutionProperties) = preSolution
		HideSolutionNode = FALSE
	EndGlobalSection
	GlobalSection(ExtensibilityGlobals) = postSolution
		SolutionGuid = {4AFA04CD-03D4-4242-B766-BFEBFE986344}
	EndGlobalSection
EndGlobal
